
Microsoft Visual Studio Solution File, Format Version 12.00
# Visual Studio Version 16
VisualStudioVersion = 16.0.29424.173
MinimumVisualStudioVersion = 10.0.40219.1
Project("{FAE04EC0-301F-11D3-BF4B-00C04F79EFBC}") = "Monopoly", "Monopoly.csproj", "{5B914EE1-79E4-4A88-A148-31271A748EAC}"
EndProject
Global
	GlobalSection(SolutionConfigurationPlatforms) = preSolution
		Debug|Any CPU = Debug|Any CPU
		Release|Any CPU = Release|Any CPU
	EndGlobalSection
	GlobalSection(ProjectConfigurationPlatforms) = postSolution
		{5B914EE1-79E4-4A88-A148-31271A748EAC}.Debug|Any CPU.ActiveCfg = Debug|Any CPU
		{5B914EE1-79E4-4A88-A148-31271A748EAC}.Debug|Any CPU.Build.0 = Debug|Any CPU
		{5B914EE1-79E4-4A88-A148-31271A748EAC}.Release|Any CPU.ActiveCfg = Release|Any CPU
		{5B914EE1-79E4-4A88-A148-31271A748EAC}.Release|Any CPU.Build.0 = Release|Any CPU
	EndGlobalSection
	GlobalSection(SolutionProperties) = preSolution
		HideSolutionNode = FALSE
	EndGlobalSection
	GlobalSection(ExtensibilityGlobals) = postSolution
		SolutionGuid = {EFA0F731-9D67-4360-B5B8-311716B9A78A}
	EndGlobalSection
EndGlobal
